// !$*UTF8*$!
{
	archiveVersion = 1;
	classes = {
	};
	objectVersion = 46;
	objects = {

/* Begin PBXBuildFile section */
		68726DF91F3BF68B0078ED22 /* CustomTableViewCell.swift in Sources */ = {isa = PBXBuildFile; fileRef = 68726DF71F3BF68B0078ED22 /* CustomTableViewCell.swift */; };
		68726DFA1F3BF68B0078ED22 /* CustomTableViewCell.xib in Resources */ = {isa = PBXBuildFile; fileRef = 68726DF81F3BF68B0078ED22 /* CustomTableViewCell.xib */; };
		68726E001F3D77CA0078ED22 /* ringo.png in Resources */ = {isa = PBXBuildFile; fileRef = 68726DFF1F3D77CA0078ED22 /* ringo.png */; };
		68ED7C281F395ABD0052AC91 /* AppDelegate.swift in Sources */ = {isa = PBXBuildFile; fileRef = 68ED7C271F395ABD0052AC91 /* AppDelegate.swift */; };
		68ED7C2A1F395ABD0052AC91 /* ViewController.swift in Sources */ = {isa = PBXBuildFile; fileRef = 68ED7C291F395ABD0052AC91 /* ViewController.swift */; };
		68ED7C2D1F395ABD0052AC91 /* Main.storyboard in Resources */ = {isa = PBXBuildFile; fileRef = 68ED7C2B1F395ABD0052AC91 /* Main.storyboard */; };
		68ED7C2F1F395ABD0052AC91 /* Assets.xcassets in Resources */ = {isa = PBXBuildFile; fileRef = 68ED7C2E1F395ABD0052AC91 /* Assets.xcassets */; };
		68ED7C321F395ABD0052AC91 /* LaunchScreen.storyboard in Resources */ = {isa = PBXBuildFile; fileRef = 68ED7C301F395ABD0052AC91 /* LaunchScreen.storyboard */; };
		68ED7C3D1F395ABD0052AC91 /* fgoLogTests.swift in Sources */ = {isa = PBXBuildFile; fileRef = 68ED7C3C1F395ABD0052AC91 /* fgoLogTests.swift */; };
		68ED7C481F395ABD0052AC91 /* fgoLogUITests.swift in Sources */ = {isa = PBXBuildFile; fileRef = 68ED7C471F395ABD0052AC91 /* fgoLogUITests.swift */; };
		68ED7C561F3960C30052AC91 /* Quest.swift in Sources */ = {isa = PBXBuildFile; fileRef = 68ED7C551F3960C30052AC91 /* Quest.swift */; };
		68ED7C991F3967F30052AC91 /* abura.png in Resources */ = {isa = PBXBuildFile; fileRef = 68ED7C581F3967F30052AC91 /* abura.png */; };
		68ED7C9A1F3967F30052AC91 /* akasi.png in Resources */ = {isa = PBXBuildFile; fileRef = 68ED7C591F3967F30052AC91 /* akasi.png */; };
		68ED7C9B1F3967F30052AC91 /* baby.png in Resources */ = {isa = PBXBuildFile; fileRef = 68ED7C5A1F3967F30052AC91 /* baby.png */; };
		68ED7C9C1F3967F30052AC91 /* dokubari.png in Resources */ = {isa = PBXBuildFile; fileRef = 68ED7C5B1F3967F30052AC91 /* dokubari.png */; };
		68ED7C9D1F3967F30052AC91 /* gekirinn.png in Resources */ = {isa = PBXBuildFile; fileRef = 68ED7C5C1F3967F30052AC91 /* gekirinn.png */; };
		68ED7C9E1F3967F30052AC91 /* haguruma.png in Resources */ = {isa = PBXBuildFile; fileRef = 68ED7C5D1F3967F30052AC91 /* haguruma.png */; };
		68ED7C9F1F3967F30052AC91 /* hane.png in Resources */ = {isa = PBXBuildFile; fileRef = 68ED7C5E1F3967F30052AC91 /* hane.png */; };
		68ED7CA01F3967F30052AC91 /* hatirenn.png in Resources */ = {isa = PBXBuildFile; fileRef = 68ED7C5F1F3967F30052AC91 /* hatirenn.png */; };
		68ED7CA11F3967F30052AC91 /* hebi.png in Resources */ = {isa = PBXBuildFile; fileRef = 68ED7C601F3967F30052AC91 /* hebi.png */; };
		68ED7CA21F3967F30052AC91 /* hidume.png in Resources */ = {isa = PBXBuildFile; fileRef = 68ED7C611F3967F30052AC91 /* hidume.png */; };
		68ED7CA31F3967F30052AC91 /* hone.png in Resources */ = {isa = PBXBuildFile; fileRef = 68ED7C621F3967F30052AC91 /* hone.png */; };
		68ED7CA41F3967F30052AC91 /* jutuhi.png in Resources */ = {isa = PBXBuildFile; fileRef = 68ED7C631F3967F30052AC91 /* jutuhi.png */; };
		68ED7CA51F3967F30052AC91 /* jutuki.png in Resources */ = {isa = PBXBuildFile; fileRef = 68ED7C641F3967F30052AC91 /* jutuki.png */; };
		68ED7CA61F3967F30052AC91 /* jutuma.png in Resources */ = {isa = PBXBuildFile; fileRef = 68ED7C651F3967F30052AC91 /* jutuma.png */; };
		68ED7CA71F3967F30052AC91 /* jutumo.png in Resources */ = {isa = PBXBuildFile; fileRef = 68ED7C661F3967F30052AC91 /* jutumo.png */; };
		68ED7CA81F3967F30052AC91 /* jutupi.png in Resources */ = {isa = PBXBuildFile; fileRef = 68ED7C671F3967F30052AC91 /* jutupi.png */; };
		68ED7CA91F3967F30052AC91 /* kaigara.png in Resources */ = {isa = PBXBuildFile; fileRef = 68ED7C681F3967F30052AC91 /* kaigara.png */; };
		68ED7CAA1F3967F30052AC91 /* kenhi.png in Resources */ = {isa = PBXBuildFile; fileRef = 68ED7C691F3967F30052AC91 /* kenhi.png */; };
		68ED7CAB1F3967F30052AC91 /* kenki.png in Resources */ = {isa = PBXBuildFile; fileRef = 68ED7C6A1F3967F30052AC91 /* kenki.png */; };
		68ED7CAC1F3967F30052AC91 /* kenma.png in Resources */ = {isa = PBXBuildFile; fileRef = 68ED7C6B1F3967F30052AC91 /* kenma.png */; };
		68ED7CAD1F3967F30052AC91 /* kenmo.png in Resources */ = {isa = PBXBuildFile; fileRef = 68ED7C6C1F3967F30052AC91 /* kenmo.png */; };
		68ED7CAE1F3967F30052AC91 /* kenpi.png in Resources */ = {isa = PBXBuildFile; fileRef = 68ED7C6D1F3967F30052AC91 /* kenpi.png */; };
		68ED7CAF1F3967F30052AC91 /* kiba.png in Resources */ = {isa = PBXBuildFile; fileRef = 68ED7C6E1F3967F30052AC91 /* kiba.png */; };
		68ED7CB01F3967F30052AC91 /* kihi.png in Resources */ = {isa = PBXBuildFile; fileRef = 68ED7C6F1F3967F30052AC91 /* kihi.png */; };
		68ED7CB11F3967F30052AC91 /* kiki.png in Resources */ = {isa = PBXBuildFile; fileRef = 68ED7C701F3967F30052AC91 /* kiki.png */; };
		68ED7CB21F3967F30052AC91 /* kima.png in Resources */ = {isa = PBXBuildFile; fileRef = 68ED7C711F3967F30052AC91 /* kima.png */; };
		68ED7CB31F3967F30052AC91 /* kimo.png in Resources */ = {isa = PBXBuildFile; fileRef = 68ED7C721F3967F30052AC91 /* kimo.png */; };
		68ED7CB41F3967F30052AC91 /* kipi.png in Resources */ = {isa = PBXBuildFile; fileRef = 68ED7C731F3967F30052AC91 /* kipi.png */; };
		68ED7CB51F3967F30052AC91 /* kunshou.png in Resources */ = {isa = PBXBuildFile; fileRef = 68ED7C741F3967F30052AC91 /* kunshou.png */; };
		68ED7CB61F3967F30052AC91 /* kusari.png in Resources */ = {isa = PBXBuildFile; fileRef = 68ED7C751F3967F30052AC91 /* kusari.png */; };
		68ED7CB71F3967F30052AC91 /* kyouhi.png in Resources */ = {isa = PBXBuildFile; fileRef = 68ED7C761F3967F30052AC91 /* kyouhi.png */; };
		68ED7CB81F3967F30052AC91 /* kyouki.png in Resources */ = {isa = PBXBuildFile; fileRef = 68ED7C771F3967F30052AC91 /* kyouki.png */; };
		68ED7CB91F3967F30052AC91 /* kyouma.png in Resources */ = {isa = PBXBuildFile; fileRef = 68ED7C781F3967F30052AC91 /* kyouma.png */; };
		68ED7CBA1F3967F30052AC91 /* kyoumo.png in Resources */ = {isa = PBXBuildFile; fileRef = 68ED7C791F3967F30052AC91 /* kyoumo.png */; };
		68ED7CBB1F3967F30052AC91 /* kyoupi.png in Resources */ = {isa = PBXBuildFile; fileRef = 68ED7C7A1F3967F30052AC91 /* kyoupi.png */; };
		68ED7CBC1F3967F30052AC91 /* page.png in Resources */ = {isa = PBXBuildFile; fileRef = 68ED7C7B1F3967F30052AC91 /* page.png */; };
		68ED7CBD1F3967F30052AC91 /* ranpu.png in Resources */ = {isa = PBXBuildFile; fileRef = 68ED7C7C1F3967F30052AC91 /* ranpu.png */; };
		68ED7CBE1F3967F30052AC91 /* rantann.png in Resources */ = {isa = PBXBuildFile; fileRef = 68ED7C7D1F3967F30052AC91 /* rantann.png */; };
		68ED7CBF1F3967F30052AC91 /* reikonn.png in Resources */ = {isa = PBXBuildFile; fileRef = 68ED7C7E1F3967F30052AC91 /* reikonn.png */; };
		68ED7CC01F3967F30052AC91 /* ruiseki.png in Resources */ = {isa = PBXBuildFile; fileRef = 68ED7C7F1F3967F30052AC91 /* ruiseki.png */; };
		68ED7CC11F3967F30052AC91 /* satuhi.png in Resources */ = {isa = PBXBuildFile; fileRef = 68ED7C801F3967F30052AC91 /* satuhi.png */; };
		68ED7CC21F3967F30052AC91 /* satuki.png in Resources */ = {isa = PBXBuildFile; fileRef = 68ED7C811F3967F30052AC91 /* satuki.png */; };
		68ED7CC31F3967F30052AC91 /* satuma.png in Resources */ = {isa = PBXBuildFile; fileRef = 68ED7C821F3967F30052AC91 /* satuma.png */; };
		68ED7CC41F3967F30052AC91 /* satumo.png in Resources */ = {isa = PBXBuildFile; fileRef = 68ED7C831F3967F30052AC91 /* satumo.png */; };
		68ED7CC51F3967F30052AC91 /* satupi.png in Resources */ = {isa = PBXBuildFile; fileRef = 68ED7C841F3967F30052AC91 /* satupi.png */; };
		68ED7CC61F3967F30052AC91 /* sinshu.png in Resources */ = {isa = PBXBuildFile; fileRef = 68ED7C851F3967F30052AC91 /* sinshu.png */; };
		68ED7CC71F3967F30052AC91 /* sinzou.png in Resources */ = {isa = PBXBuildFile; fileRef = 68ED7C861F3967F30052AC91 /* sinzou.png */; };
		68ED7CC81F3967F30052AC91 /* sukarabe.png in Resources */ = {isa = PBXBuildFile; fileRef = 68ED7C871F3967F30052AC91 /* sukarabe.png */; };
		68ED7CC91F3967F30052AC91 /* tane.png in Resources */ = {isa = PBXBuildFile; fileRef = 68ED7C881F3967F30052AC91 /* tane.png */; };
		68ED7CCA1F3967F30052AC91 /* tanseki.png in Resources */ = {isa = PBXBuildFile; fileRef = 68ED7C891F3967F30052AC91 /* tanseki.png */; };
		68ED7CCB1F3967F30052AC91 /* tiri.png in Resources */ = {isa = PBXBuildFile; fileRef = 68ED7C8A1F3967F30052AC91 /* tiri.png */; };
		68ED7CCC1F3967F30052AC91 /* tume.png in Resources */ = {isa = PBXBuildFile; fileRef = 68ED7C8B1F3967F30052AC91 /* tume.png */; };
		68ED7CCD1F3967F30052AC91 /* ubuge.png in Resources */ = {isa = PBXBuildFile; fileRef = 68ED7C8C1F3967F30052AC91 /* ubuge.png */; };
		68ED7CCE1F3967F30052AC91 /* yarihi.png in Resources */ = {isa = PBXBuildFile; fileRef = 68ED7C8D1F3967F30052AC91 /* yarihi.png */; };
		68ED7CCF1F3967F30052AC91 /* yariki.png in Resources */ = {isa = PBXBuildFile; fileRef = 68ED7C8E1F3967F30052AC91 /* yariki.png */; };
		68ED7CD01F3967F30052AC91 /* yarima.png in Resources */ = {isa = PBXBuildFile; fileRef = 68ED7C8F1F3967F30052AC91 /* yarima.png */; };
		68ED7CD11F3967F30052AC91 /* yarimo.png in Resources */ = {isa = PBXBuildFile; fileRef = 68ED7C901F3967F30052AC91 /* yarimo.png */; };
		68ED7CD21F3967F30052AC91 /* yaripi.png in Resources */ = {isa = PBXBuildFile; fileRef = 68ED7C911F3967F30052AC91 /* yaripi.png */; };
		68ED7CD31F3967F30052AC91 /* youkaku.png in Resources */ = {isa = PBXBuildFile; fileRef = 68ED7C921F3967F30052AC91 /* youkaku.png */; };
		68ED7CD41F3967F30052AC91 /* yumihi.png in Resources */ = {isa = PBXBuildFile; fileRef = 68ED7C931F3967F30052AC91 /* yumihi.png */; };
		68ED7CD51F3967F30052AC91 /* yumiki.png in Resources */ = {isa = PBXBuildFile; fileRef = 68ED7C941F3967F30052AC91 /* yumiki.png */; };
		68ED7CD61F3967F30052AC91 /* yumima.png in Resources */ = {isa = PBXBuildFile; fileRef = 68ED7C951F3967F30052AC91 /* yumima.png */; };
		68ED7CD71F3967F30052AC91 /* yumimo.png in Resources */ = {isa = PBXBuildFile; fileRef = 68ED7C961F3967F30052AC91 /* yumimo.png */; };
		68ED7CD81F3967F30052AC91 /* yumipi.png in Resources */ = {isa = PBXBuildFile; fileRef = 68ED7C971F3967F30052AC91 /* yumipi.png */; };
		68ED7CD91F3967F30052AC91 /* zuieki.png in Resources */ = {isa = PBXBuildFile; fileRef = 68ED7C981F3967F30052AC91 /* zuieki.png */; };
/* End PBXBuildFile section */

/* Begin PBXContainerItemProxy section */
		68ED7C391F395ABD0052AC91 /* PBXContainerItemProxy */ = {
			isa = PBXContainerItemProxy;
			containerPortal = 68ED7C1C1F395ABD0052AC91 /* Project object */;
			proxyType = 1;
			remoteGlobalIDString = 68ED7C231F395ABD0052AC91;
			remoteInfo = fgoLog;
		};
		68ED7C441F395ABD0052AC91 /* PBXContainerItemProxy */ = {
			isa = PBXContainerItemProxy;
			containerPortal = 68ED7C1C1F395ABD0052AC91 /* Project object */;
			proxyType = 1;
			remoteGlobalIDString = 68ED7C231F395ABD0052AC91;
			remoteInfo = fgoLog;
		};
/* End PBXContainerItemProxy section */

/* Begin PBXFileReference section */
		68726DF71F3BF68B0078ED22 /* CustomTableViewCell.swift */ = {isa = PBXFileReference; fileEncoding = 4; lastKnownFileType = sourcecode.swift; path = CustomTableViewCell.swift; sourceTree = "<group>"; };
		68726DF81F3BF68B0078ED22 /* CustomTableViewCell.xib */ = {isa = PBXFileReference; fileEncoding = 4; lastKnownFileType = file.xib; path = CustomTableViewCell.xib; sourceTree = "<group>"; };
		68726DFF1F3D77CA0078ED22 /* ringo.png */ = {isa = PBXFileReference; lastKnownFileType = image.png; path = ringo.png; sourceTree = "<group>"; };
		68ED7C241F395ABD0052AC91 /* fgoLog.app */ = {isa = PBXFileReference; explicitFileType = wrapper.application; includeInIndex = 0; path = fgoLog.app; sourceTree = BUILT_PRODUCTS_DIR; };
		68ED7C271F395ABD0052AC91 /* AppDelegate.swift */ = {isa = PBXFileReference; lastKnownFileType = sourcecode.swift; path = AppDelegate.swift; sourceTree = "<group>"; };
		68ED7C291F395ABD0052AC91 /* ViewController.swift */ = {isa = PBXFileReference; lastKnownFileType = sourcecode.swift; path = ViewController.swift; sourceTree = "<group>"; };
		68ED7C2C1F395ABD0052AC91 /* Base */ = {isa = PBXFileReference; lastKnownFileType = file.storyboard; name = Base; path = Base.lproj/Main.storyboard; sourceTree = "<group>"; };
		68ED7C2E1F395ABD0052AC91 /* Assets.xcassets */ = {isa = PBXFileReference; lastKnownFileType = folder.assetcatalog; path = Assets.xcassets; sourceTree = "<group>"; };
		68ED7C311F395ABD0052AC91 /* Base */ = {isa = PBXFileReference; lastKnownFileType = file.storyboard; name = Base; path = Base.lproj/LaunchScreen.storyboard; sourceTree = "<group>"; };
		68ED7C331F395ABD0052AC91 /* Info.plist */ = {isa = PBXFileReference; lastKnownFileType = text.plist.xml; path = Info.plist; sourceTree = "<group>"; };
		68ED7C381F395ABD0052AC91 /* fgoLogTests.xctest */ = {isa = PBXFileReference; explicitFileType = wrapper.cfbundle; includeInIndex = 0; path = fgoLogTests.xctest; sourceTree = BUILT_PRODUCTS_DIR; };
		68ED7C3C1F395ABD0052AC91 /* fgoLogTests.swift */ = {isa = PBXFileReference; lastKnownFileType = sourcecode.swift; path = fgoLogTests.swift; sourceTree = "<group>"; };
		68ED7C3E1F395ABD0052AC91 /* Info.plist */ = {isa = PBXFileReference; lastKnownFileType = text.plist.xml; path = Info.plist; sourceTree = "<group>"; };
		68ED7C431F395ABD0052AC91 /* fgoLogUITests.xctest */ = {isa = PBXFileReference; explicitFileType = wrapper.cfbundle; includeInIndex = 0; path = fgoLogUITests.xctest; sourceTree = BUILT_PRODUCTS_DIR; };
		68ED7C471F395ABD0052AC91 /* fgoLogUITests.swift */ = {isa = PBXFileReference; lastKnownFileType = sourcecode.swift; path = fgoLogUITests.swift; sourceTree = "<group>"; };
		68ED7C491F395ABD0052AC91 /* Info.plist */ = {isa = PBXFileReference; lastKnownFileType = text.plist.xml; path = Info.plist; sourceTree = "<group>"; };
		68ED7C551F3960C30052AC91 /* Quest.swift */ = {isa = PBXFileReference; fileEncoding = 4; lastKnownFileType = sourcecode.swift; path = Quest.swift; sourceTree = "<group>"; };
		68ED7C581F3967F30052AC91 /* abura.png */ = {isa = PBXFileReference; lastKnownFileType = image.png; path = abura.png; sourceTree = "<group>"; };
		68ED7C591F3967F30052AC91 /* akasi.png */ = {isa = PBXFileReference; lastKnownFileType = image.png; path = akasi.png; sourceTree = "<group>"; };
		68ED7C5A1F3967F30052AC91 /* baby.png */ = {isa = PBXFileReference; lastKnownFileType = image.png; path = baby.png; sourceTree = "<group>"; };
		68ED7C5B1F3967F30052AC91 /* dokubari.png */ = {isa = PBXFileReference; lastKnownFileType = image.png; path = dokubari.png; sourceTree = "<group>"; };
		68ED7C5C1F3967F30052AC91 /* gekirinn.png */ = {isa = PBXFileReference; lastKnownFileType = image.png; path = gekirinn.png; sourceTree = "<group>"; };
		68ED7C5D1F3967F30052AC91 /* haguruma.png */ = {isa = PBXFileReference; lastKnownFileType = image.png; path = haguruma.png; sourceTree = "<group>"; };
		68ED7C5E1F3967F30052AC91 /* hane.png */ = {isa = PBXFileReference; lastKnownFileType = image.png; path = hane.png; sourceTree = "<group>"; };
		68ED7C5F1F3967F30052AC91 /* hatirenn.png */ = {isa = PBXFileReference; lastKnownFileType = image.png; path = hatirenn.png; sourceTree = "<group>"; };
		68ED7C601F3967F30052AC91 /* hebi.png */ = {isa = PBXFileReference; lastKnownFileType = image.png; path = hebi.png; sourceTree = "<group>"; };
		68ED7C611F3967F30052AC91 /* hidume.png */ = {isa = PBXFileReference; lastKnownFileType = image.png; path = hidume.png; sourceTree = "<group>"; };
		68ED7C621F3967F30052AC91 /* hone.png */ = {isa = PBXFileReference; lastKnownFileType = image.png; path = hone.png; sourceTree = "<group>"; };
		68ED7C631F3967F30052AC91 /* jutuhi.png */ = {isa = PBXFileReference; lastKnownFileType = image.png; path = jutuhi.png; sourceTree = "<group>"; };
		68ED7C641F3967F30052AC91 /* jutuki.png */ = {isa = PBXFileReference; lastKnownFileType = image.png; path = jutuki.png; sourceTree = "<group>"; };
		68ED7C651F3967F30052AC91 /* jutuma.png */ = {isa = PBXFileReference; lastKnownFileType = image.png; path = jutuma.png; sourceTree = "<group>"; };
		68ED7C661F3967F30052AC91 /* jutumo.png */ = {isa = PBXFileReference; lastKnownFileType = image.png; path = jutumo.png; sourceTree = "<group>"; };
		68ED7C671F3967F30052AC91 /* jutupi.png */ = {isa = PBXFileReference; lastKnownFileType = image.png; path = jutupi.png; sourceTree = "<group>"; };
		68ED7C681F3967F30052AC91 /* kaigara.png */ = {isa = PBXFileReference; lastKnownFileType = image.png; path = kaigara.png; sourceTree = "<group>"; };
		68ED7C691F3967F30052AC91 /* kenhi.png */ = {isa = PBXFileReference; lastKnownFileType = image.png; path = kenhi.png; sourceTree = "<group>"; };
		68ED7C6A1F3967F30052AC91 /* kenki.png */ = {isa = PBXFileReference; lastKnownFileType = image.png; path = kenki.png; sourceTree = "<group>"; };
		68ED7C6B1F3967F30052AC91 /* kenma.png */ = {isa = PBXFileReference; lastKnownFileType = image.png; path = kenma.png; sourceTree = "<group>"; };
		68ED7C6C1F3967F30052AC91 /* kenmo.png */ = {isa = PBXFileReference; lastKnownFileType = image.png; path = kenmo.png; sourceTree = "<group>"; };
		68ED7C6D1F3967F30052AC91 /* kenpi.png */ = {isa = PBXFileReference; lastKnownFileType = image.png; path = kenpi.png; sourceTree = "<group>"; };
		68ED7C6E1F3967F30052AC91 /* kiba.png */ = {isa = PBXFileReference; lastKnownFileType = image.png; path = kiba.png; sourceTree = "<group>"; };
		68ED7C6F1F3967F30052AC91 /* kihi.png */ = {isa = PBXFileReference; lastKnownFileType = image.png; path = kihi.png; sourceTree = "<group>"; };
		68ED7C701F3967F30052AC91 /* kiki.png */ = {isa = PBXFileReference; lastKnownFileType = image.png; path = kiki.png; sourceTree = "<group>"; };
		68ED7C711F3967F30052AC91 /* kima.png */ = {isa = PBXFileReference; lastKnownFileType = image.png; path = kima.png; sourceTree = "<group>"; };
		68ED7C721F3967F30052AC91 /* kimo.png */ = {isa = PBXFileReference; lastKnownFileType = image.png; path = kimo.png; sourceTree = "<group>"; };
		68ED7C731F3967F30052AC91 /* kipi.png */ = {isa = PBXFileReference; lastKnownFileType = image.png; path = kipi.png; sourceTree = "<group>"; };
		68ED7C741F3967F30052AC91 /* kunshou.png */ = {isa = PBXFileReference; lastKnownFileType = image.png; path = kunshou.png; sourceTree = "<group>"; };
		68ED7C751F3967F30052AC91 /* kusari.png */ = {isa = PBXFileReference; lastKnownFileType = image.png; path = kusari.png; sourceTree = "<group>"; };
		68ED7C761F3967F30052AC91 /* kyouhi.png */ = {isa = PBXFileReference; lastKnownFileType = image.png; path = kyouhi.png; sourceTree = "<group>"; };
		68ED7C771F3967F30052AC91 /* kyouki.png */ = {isa = PBXFileReference; lastKnownFileType = image.png; path = kyouki.png; sourceTree = "<group>"; };
		68ED7C781F3967F30052AC91 /* kyouma.png */ = {isa = PBXFileReference; lastKnownFileType = image.png; path = kyouma.png; sourceTree = "<group>"; };
		68ED7C791F3967F30052AC91 /* kyoumo.png */ = {isa = PBXFileReference; lastKnownFileType = image.png; path = kyoumo.png; sourceTree = "<group>"; };
		68ED7C7A1F3967F30052AC91 /* kyoupi.png */ = {isa = PBXFileReference; lastKnownFileType = image.png; path = kyoupi.png; sourceTree = "<group>"; };
		68ED7C7B1F3967F30052AC91 /* page.png */ = {isa = PBXFileReference; lastKnownFileType = image.png; path = page.png; sourceTree = "<group>"; };
		68ED7C7C1F3967F30052AC91 /* ranpu.png */ = {isa = PBXFileReference; lastKnownFileType = image.png; path = ranpu.png; sourceTree = "<group>"; };
		68ED7C7D1F3967F30052AC91 /* rantann.png */ = {isa = PBXFileReference; lastKnownFileType = image.png; path = rantann.png; sourceTree = "<group>"; };
		68ED7C7E1F3967F30052AC91 /* reikonn.png */ = {isa = PBXFileReference; lastKnownFileType = image.png; path = reikonn.png; sourceTree = "<group>"; };
		68ED7C7F1F3967F30052AC91 /* ruiseki.png */ = {isa = PBXFileReference; lastKnownFileType = image.png; path = ruiseki.png; sourceTree = "<group>"; };
		68ED7C801F3967F30052AC91 /* satuhi.png */ = {isa = PBXFileReference; lastKnownFileType = image.png; path = satuhi.png; sourceTree = "<group>"; };
		68ED7C811F3967F30052AC91 /* satuki.png */ = {isa = PBXFileReference; lastKnownFileType = image.png; path = satuki.png; sourceTree = "<group>"; };
		68ED7C821F3967F30052AC91 /* satuma.png */ = {isa = PBXFileReference; lastKnownFileType = image.png; path = satuma.png; sourceTree = "<group>"; };
		68ED7C831F3967F30052AC91 /* satumo.png */ = {isa = PBXFileReference; lastKnownFileType = image.png; path = satumo.png; sourceTree = "<group>"; };
		68ED7C841F3967F30052AC91 /* satupi.png */ = {isa = PBXFileReference; lastKnownFileType = image.png; path = satupi.png; sourceTree = "<group>"; };
		68ED7C851F3967F30052AC91 /* sinshu.png */ = {isa = PBXFileReference; lastKnownFileType = image.png; path = sinshu.png; sourceTree = "<group>"; };
		68ED7C861F3967F30052AC91 /* sinzou.png */ = {isa = PBXFileReference; lastKnownFileType = image.png; path = sinzou.png; sourceTree = "<group>"; };
		68ED7C871F3967F30052AC91 /* sukarabe.png */ = {isa = PBXFileReference; lastKnownFileType = image.png; path = sukarabe.png; sourceTree = "<group>"; };
		68ED7C881F3967F30052AC91 /* tane.png */ = {isa = PBXFileReference; lastKnownFileType = image.png; path = tane.png; sourceTree = "<group>"; };
		68ED7C891F3967F30052AC91 /* tanseki.png */ = {isa = PBXFileReference; lastKnownFileType = image.png; path = tanseki.png; sourceTree = "<group>"; };
		68ED7C8A1F3967F30052AC91 /* tiri.png */ = {isa = PBXFileReference; lastKnownFileType = image.png; path = tiri.png; sourceTree = "<group>"; };
		68ED7C8B1F3967F30052AC91 /* tume.png */ = {isa = PBXFileReference; lastKnownFileType = image.png; path = tume.png; sourceTree = "<group>"; };
		68ED7C8C1F3967F30052AC91 /* ubuge.png */ = {isa = PBXFileReference; lastKnownFileType = image.png; path = ubuge.png; sourceTree = "<group>"; };
		68ED7C8D1F3967F30052AC91 /* yarihi.png */ = {isa = PBXFileReference; lastKnownFileType = image.png; path = yarihi.png; sourceTree = "<group>"; };
		68ED7C8E1F3967F30052AC91 /* yariki.png */ = {isa = PBXFileReference; lastKnownFileType = image.png; path = yariki.png; sourceTree = "<group>"; };
		68ED7C8F1F3967F30052AC91 /* yarima.png */ = {isa = PBXFileReference; lastKnownFileType = image.png; path = yarima.png; sourceTree = "<group>"; };
		68ED7C901F3967F30052AC91 /* yarimo.png */ = {isa = PBXFileReference; lastKnownFileType = image.png; path = yarimo.png; sourceTree = "<group>"; };
		68ED7C911F3967F30052AC91 /* yaripi.png */ = {isa = PBXFileReference; lastKnownFileType = image.png; path = yaripi.png; sourceTree = "<group>"; };
		68ED7C921F3967F30052AC91 /* youkaku.png */ = {isa = PBXFileReference; lastKnownFileType = image.png; path = youkaku.png; sourceTree = "<group>"; };
		68ED7C931F3967F30052AC91 /* yumihi.png */ = {isa = PBXFileReference; lastKnownFileType = image.png; path = yumihi.png; sourceTree = "<group>"; };
		68ED7C941F3967F30052AC91 /* yumiki.png */ = {isa = PBXFileReference; lastKnownFileType = image.png; path = yumiki.png; sourceTree = "<group>"; };
		68ED7C951F3967F30052AC91 /* yumima.png */ = {isa = PBXFileReference; lastKnownFileType = image.png; path = yumima.png; sourceTree = "<group>"; };
		68ED7C961F3967F30052AC91 /* yumimo.png */ = {isa = PBXFileReference; lastKnownFileType = image.png; path = yumimo.png; sourceTree = "<group>"; };
		68ED7C971F3967F30052AC91 /* yumipi.png */ = {isa = PBXFileReference; lastKnownFileType = image.png; path = yumipi.png; sourceTree = "<group>"; };
		68ED7C981F3967F30052AC91 /* zuieki.png */ = {isa = PBXFileReference; lastKnownFileType = image.png; path = zuieki.png; sourceTree = "<group>"; };
/* End PBXFileReference section */

/* Begin PBXFrameworksBuildPhase section */
		68ED7C211F395ABD0052AC91 /* Frameworks */ = {
			isa = PBXFrameworksBuildPhase;
			buildActionMask = 2147483647;
			files = (
			);
			runOnlyForDeploymentPostprocessing = 0;
		};
		68ED7C351F395ABD0052AC91 /* Frameworks */ = {
			isa = PBXFrameworksBuildPhase;
			buildActionMask = 2147483647;
			files = (
			);
			runOnlyForDeploymentPostprocessing = 0;
		};
		68ED7C401F395ABD0052AC91 /* Frameworks */ = {
			isa = PBXFrameworksBuildPhase;
			buildActionMask = 2147483647;
			files = (
			);
			runOnlyForDeploymentPostprocessing = 0;
		};
/* End PBXFrameworksBuildPhase section */

/* Begin PBXGroup section */
		68ED7C1B1F395ABD0052AC91 = {
			isa = PBXGroup;
			children = (
				68ED7C261F395ABD0052AC91 /* fgoLog */,
				68ED7C3B1F395ABD0052AC91 /* fgoLogTests */,
				68ED7C461F395ABD0052AC91 /* fgoLogUITests */,
				68ED7C251F395ABD0052AC91 /* Products */,
			);
			sourceTree = "<group>";
		};
		68ED7C251F395ABD0052AC91 /* Products */ = {
			isa = PBXGroup;
			children = (
				68ED7C241F395ABD0052AC91 /* fgoLog.app */,
				68ED7C381F395ABD0052AC91 /* fgoLogTests.xctest */,
				68ED7C431F395ABD0052AC91 /* fgoLogUITests.xctest */,
			);
			name = Products;
			sourceTree = "<group>";
		};
		68ED7C261F395ABD0052AC91 /* fgoLog */ = {
			isa = PBXGroup;
			children = (
				68ED7C571F3967F30052AC91 /* fgo素材 */,
				68ED7C271F395ABD0052AC91 /* AppDelegate.swift */,
				68ED7C291F395ABD0052AC91 /* ViewController.swift */,
				68ED7C2B1F395ABD0052AC91 /* Main.storyboard */,
				68ED7C2E1F395ABD0052AC91 /* Assets.xcassets */,
				68ED7C301F395ABD0052AC91 /* LaunchScreen.storyboard */,
				68ED7C331F395ABD0052AC91 /* Info.plist */,
				68ED7C551F3960C30052AC91 /* Quest.swift */,
				68726DF71F3BF68B0078ED22 /* CustomTableViewCell.swift */,
				68726DF81F3BF68B0078ED22 /* CustomTableViewCell.xib */,
			);
			path = fgoLog;
			sourceTree = "<group>";
		};
		68ED7C3B1F395ABD0052AC91 /* fgoLogTests */ = {
			isa = PBXGroup;
			children = (
				68ED7C3C1F395ABD0052AC91 /* fgoLogTests.swift */,
				68ED7C3E1F395ABD0052AC91 /* Info.plist */,
			);
			path = fgoLogTests;
			sourceTree = "<group>";
		};
		68ED7C461F395ABD0052AC91 /* fgoLogUITests */ = {
			isa = PBXGroup;
			children = (
				68ED7C471F395ABD0052AC91 /* fgoLogUITests.swift */,
				68ED7C491F395ABD0052AC91 /* Info.plist */,
			);
			path = fgoLogUITests;
			sourceTree = "<group>";
		};
		68ED7C571F3967F30052AC91 /* fgo素材 */ = {
			isa = PBXGroup;
			children = (
				68ED7C581F3967F30052AC91 /* abura.png */,
				68ED7C591F3967F30052AC91 /* akasi.png */,
				68ED7C5A1F3967F30052AC91 /* baby.png */,
				68ED7C5B1F3967F30052AC91 /* dokubari.png */,
				68ED7C5C1F3967F30052AC91 /* gekirinn.png */,
				68ED7C5D1F3967F30052AC91 /* haguruma.png */,
				68ED7C5E1F3967F30052AC91 /* hane.png */,
				68ED7C5F1F3967F30052AC91 /* hatirenn.png */,
				68ED7C601F3967F30052AC91 /* hebi.png */,
				68ED7C611F3967F30052AC91 /* hidume.png */,
				68ED7C621F3967F30052AC91 /* hone.png */,
				68ED7C631F3967F30052AC91 /* jutuhi.png */,
				68ED7C641F3967F30052AC91 /* jutuki.png */,
				68ED7C651F3967F30052AC91 /* jutuma.png */,
				68ED7C661F3967F30052AC91 /* jutumo.png */,
				68ED7C671F3967F30052AC91 /* jutupi.png */,
				68ED7C681F3967F30052AC91 /* kaigara.png */,
				68ED7C691F3967F30052AC91 /* kenhi.png */,
				68ED7C6A1F3967F30052AC91 /* kenki.png */,
				68ED7C6B1F3967F30052AC91 /* kenma.png */,
				68ED7C6C1F3967F30052AC91 /* kenmo.png */,
				68ED7C6D1F3967F30052AC91 /* kenpi.png */,
				68ED7C6E1F3967F30052AC91 /* kiba.png */,
				68ED7C6F1F3967F30052AC91 /* kihi.png */,
				68ED7C701F3967F30052AC91 /* kiki.png */,
				68ED7C711F3967F30052AC91 /* kima.png */,
				68ED7C721F3967F30052AC91 /* kimo.png */,
				68ED7C731F3967F30052AC91 /* kipi.png */,
				68ED7C741F3967F30052AC91 /* kunshou.png */,
				68ED7C751F3967F30052AC91 /* kusari.png */,
				68ED7C761F3967F30052AC91 /* kyouhi.png */,
				68ED7C771F3967F30052AC91 /* kyouki.png */,
				68ED7C781F3967F30052AC91 /* kyouma.png */,
				68ED7C791F3967F30052AC91 /* kyoumo.png */,
				68ED7C7A1F3967F30052AC91 /* kyoupi.png */,
				68ED7C7B1F3967F30052AC91 /* page.png */,
				68726DFF1F3D77CA0078ED22 /* ringo.png */,
				68ED7C7C1F3967F30052AC91 /* ranpu.png */,
				68ED7C7D1F3967F30052AC91 /* rantann.png */,
				68ED7C7E1F3967F30052AC91 /* reikonn.png */,
				68ED7C7F1F3967F30052AC91 /* ruiseki.png */,
				68ED7C801F3967F30052AC91 /* satuhi.png */,
				68ED7C811F3967F30052AC91 /* satuki.png */,
				68ED7C821F3967F30052AC91 /* satuma.png */,
				68ED7C831F3967F30052AC91 /* satumo.png */,
				68ED7C841F3967F30052AC91 /* satupi.png */,
				68ED7C851F3967F30052AC91 /* sinshu.png */,
				68ED7C861F3967F30052AC91 /* sinzou.png */,
				68ED7C871F3967F30052AC91 /* sukarabe.png */,
				68ED7C881F3967F30052AC91 /* tane.png */,
				68ED7C891F3967F30052AC91 /* tanseki.png */,
				68ED7C8A1F3967F30052AC91 /* tiri.png */,
				68ED7C8B1F3967F30052AC91 /* tume.png */,
				68ED7C8C1F3967F30052AC91 /* ubuge.png */,
				68ED7C8D1F3967F30052AC91 /* yarihi.png */,
				68ED7C8E1F3967F30052AC91 /* yariki.png */,
				68ED7C8F1F3967F30052AC91 /* yarima.png */,
				68ED7C901F3967F30052AC91 /* yarimo.png */,
				68ED7C911F3967F30052AC91 /* yaripi.png */,
				68ED7C921F3967F30052AC91 /* youkaku.png */,
				68ED7C931F3967F30052AC91 /* yumihi.png */,
				68ED7C941F3967F30052AC91 /* yumiki.png */,
				68ED7C951F3967F30052AC91 /* yumima.png */,
				68ED7C961F3967F30052AC91 /* yumimo.png */,
				68ED7C971F3967F30052AC91 /* yumipi.png */,
				68ED7C981F3967F30052AC91 /* zuieki.png */,
			);
			name = "fgo素材";
			path = "../../../fgo素材";
			sourceTree = "<group>";
		};
/* End PBXGroup section */

/* Begin PBXNativeTarget section */
		68ED7C231F395ABD0052AC91 /* fgoLog */ = {
			isa = PBXNativeTarget;
			buildConfigurationList = 68ED7C4C1F395ABD0052AC91 /* Build configuration list for PBXNativeTarget "fgoLog" */;
			buildPhases = (
				68ED7C201F395ABD0052AC91 /* Sources */,
				68ED7C211F395ABD0052AC91 /* Frameworks */,
				68ED7C221F395ABD0052AC91 /* Resources */,
			);
			buildRules = (
			);
			dependencies = (
			);
			name = fgoLog;
			productName = fgoLog;
			productReference = 68ED7C241F395ABD0052AC91 /* fgoLog.app */;
			productType = "com.apple.product-type.application";
		};
		68ED7C371F395ABD0052AC91 /* fgoLogTests */ = {
			isa = PBXNativeTarget;
			buildConfigurationList = 68ED7C4F1F395ABD0052AC91 /* Build configuration list for PBXNativeTarget "fgoLogTests" */;
			buildPhases = (
				68ED7C341F395ABD0052AC91 /* Sources */,
				68ED7C351F395ABD0052AC91 /* Frameworks */,
				68ED7C361F395ABD0052AC91 /* Resources */,
			);
			buildRules = (
			);
			dependencies = (
				68ED7C3A1F395ABD0052AC91 /* PBXTargetDependency */,
			);
			name = fgoLogTests;
			productName = fgoLogTests;
			productReference = 68ED7C381F395ABD0052AC91 /* fgoLogTests.xctest */;
			productType = "com.apple.product-type.bundle.unit-test";
		};
		68ED7C421F395ABD0052AC91 /* fgoLogUITests */ = {
			isa = PBXNativeTarget;
			buildConfigurationList = 68ED7C521F395ABD0052AC91 /* Build configuration list for PBXNativeTarget "fgoLogUITests" */;
			buildPhases = (
				68ED7C3F1F395ABD0052AC91 /* Sources */,
				68ED7C401F395ABD0052AC91 /* Frameworks */,
				68ED7C411F395ABD0052AC91 /* Resources */,
			);
			buildRules = (
			);
			dependencies = (
				68ED7C451F395ABD0052AC91 /* PBXTargetDependency */,
			);
			name = fgoLogUITests;
			productName = fgoLogUITests;
			productReference = 68ED7C431F395ABD0052AC91 /* fgoLogUITests.xctest */;
			productType = "com.apple.product-type.bundle.ui-testing";
		};
/* End PBXNativeTarget section */

/* Begin PBXProject section */
		68ED7C1C1F395ABD0052AC91 /* Project object */ = {
			isa = PBXProject;
			attributes = {
				LastSwiftUpdateCheck = 0830;
				LastUpgradeCheck = 0830;
				ORGANIZATIONNAME = "斧田洋人";
				TargetAttributes = {
					68ED7C231F395ABD0052AC91 = {
						CreatedOnToolsVersion = 8.3.2;
						DevelopmentTeam = 84Q47FTZCU;
						ProvisioningStyle = Automatic;
					};
					68ED7C371F395ABD0052AC91 = {
						CreatedOnToolsVersion = 8.3.2;
						ProvisioningStyle = Automatic;
						TestTargetID = 68ED7C231F395ABD0052AC91;
					};
					68ED7C421F395ABD0052AC91 = {
						CreatedOnToolsVersion = 8.3.2;
						ProvisioningStyle = Automatic;
						TestTargetID = 68ED7C231F395ABD0052AC91;
					};
				};
			};
			buildConfigurationList = 68ED7C1F1F395ABD0052AC91 /* Build configuration list for PBXProject "fgoLog" */;
			compatibilityVersion = "Xcode 3.2";
			developmentRegion = English;
			hasScannedForEncodings = 0;
			knownRegions = (
				en,
				Base,
			);
			mainGroup = 68ED7C1B1F395ABD0052AC91;
			productRefGroup = 68ED7C251F395ABD0052AC91 /* Products */;
			projectDirPath = "";
			projectRoot = "";
			targets = (
				68ED7C231F395ABD0052AC91 /* fgoLog */,
				68ED7C371F395ABD0052AC91 /* fgoLogTests */,
				68ED7C421F395ABD0052AC91 /* fgoLogUITests */,
			);
		};
/* End PBXProject section */

/* Begin PBXResourcesBuildPhase section */
		68ED7C221F395ABD0052AC91 /* Resources */ = {
			isa = PBXResourcesBuildPhase;
			buildActionMask = 2147483647;
			files = (
				68ED7CB71F3967F30052AC91 /* kyouhi.png in Resources */,
				68ED7CAF1F3967F30052AC91 /* kiba.png in Resources */,
				68ED7CBC1F3967F30052AC91 /* page.png in Resources */,
				68ED7CB41F3967F30052AC91 /* kipi.png in Resources */,
				68ED7CCA1F3967F30052AC91 /* tanseki.png in Resources */,
				68ED7CD01F3967F30052AC91 /* yarima.png in Resources */,
				68ED7C321F395ABD0052AC91 /* LaunchScreen.storyboard in Resources */,
				68ED7CB01F3967F30052AC91 /* kihi.png in Resources */,
				68ED7CB11F3967F30052AC91 /* kiki.png in Resources */,
				68ED7CD31F3967F30052AC91 /* youkaku.png in Resources */,
				68ED7CC91F3967F30052AC91 /* tane.png in Resources */,
				68ED7CA31F3967F30052AC91 /* hone.png in Resources */,
				68ED7CCE1F3967F30052AC91 /* yarihi.png in Resources */,
				68ED7C9F1F3967F30052AC91 /* hane.png in Resources */,
				68ED7CCC1F3967F30052AC91 /* tume.png in Resources */,
				68ED7CD71F3967F30052AC91 /* yumimo.png in Resources */,
				68ED7CA21F3967F30052AC91 /* hidume.png in Resources */,
				68ED7C2F1F395ABD0052AC91 /* Assets.xcassets in Resources */,
				68ED7CAE1F3967F30052AC91 /* kenpi.png in Resources */,
				68ED7CC61F3967F30052AC91 /* sinshu.png in Resources */,
				68ED7CD41F3967F30052AC91 /* yumihi.png in Resources */,
				68ED7CB61F3967F30052AC91 /* kusari.png in Resources */,
				68ED7CD51F3967F30052AC91 /* yumiki.png in Resources */,
				68ED7C9C1F3967F30052AC91 /* dokubari.png in Resources */,
				68ED7CD21F3967F30052AC91 /* yaripi.png in Resources */,
				68ED7CC01F3967F30052AC91 /* ruiseki.png in Resources */,
				68ED7CB51F3967F30052AC91 /* kunshou.png in Resources */,
				68ED7CCD1F3967F30052AC91 /* ubuge.png in Resources */,
				68ED7CA01F3967F30052AC91 /* hatirenn.png in Resources */,
				68ED7CB31F3967F30052AC91 /* kimo.png in Resources */,
				68ED7CA71F3967F30052AC91 /* jutumo.png in Resources */,
				68ED7CBA1F3967F30052AC91 /* kyoumo.png in Resources */,
				68ED7C9E1F3967F30052AC91 /* haguruma.png in Resources */,
				68ED7CBF1F3967F30052AC91 /* reikonn.png in Resources */,
				68ED7C9A1F3967F30052AC91 /* akasi.png in Resources */,
				68ED7CAB1F3967F30052AC91 /* kenki.png in Resources */,
				68ED7CC21F3967F30052AC91 /* satuki.png in Resources */,
				68ED7CBE1F3967F30052AC91 /* rantann.png in Resources */,
				68ED7CCB1F3967F30052AC91 /* tiri.png in Resources */,
				68ED7CA91F3967F30052AC91 /* kaigara.png in Resources */,
				68ED7CA61F3967F30052AC91 /* jutuma.png in Resources */,
				68ED7CA51F3967F30052AC91 /* jutuki.png in Resources */,
				68ED7CBB1F3967F30052AC91 /* kyoupi.png in Resources */,
				68ED7CAA1F3967F30052AC91 /* kenhi.png in Resources */,
				68ED7C2D1F395ABD0052AC91 /* Main.storyboard in Resources */,
				68ED7CC71F3967F30052AC91 /* sinzou.png in Resources */,
				68ED7CD91F3967F30052AC91 /* zuieki.png in Resources */,
				68ED7C991F3967F30052AC91 /* abura.png in Resources */,
				68ED7CD11F3967F30052AC91 /* yarimo.png in Resources */,
				68ED7CC41F3967F30052AC91 /* satumo.png in Resources */,
				68ED7CCF1F3967F30052AC91 /* yariki.png in Resources */,
				68ED7C9D1F3967F30052AC91 /* gekirinn.png in Resources */,
				68ED7CD61F3967F30052AC91 /* yumima.png in Resources */,
				68ED7CC51F3967F30052AC91 /* satupi.png in Resources */,
				68ED7CC81F3967F30052AC91 /* sukarabe.png in Resources */,
				68726E001F3D77CA0078ED22 /* ringo.png in Resources */,
				68ED7CA81F3967F30052AC91 /* jutupi.png in Resources */,
				68ED7CB21F3967F30052AC91 /* kima.png in Resources */,
				68ED7CAC1F3967F30052AC91 /* kenma.png in Resources */,
				68ED7C9B1F3967F30052AC91 /* baby.png in Resources */,
				68ED7CBD1F3967F30052AC91 /* ranpu.png in Resources */,
				68ED7CA11F3967F30052AC91 /* hebi.png in Resources */,
				68ED7CC31F3967F30052AC91 /* satuma.png in Resources */,
				68ED7CC11F3967F30052AC91 /* satuhi.png in Resources */,
				68ED7CD81F3967F30052AC91 /* yumipi.png in Resources */,
				68ED7CAD1F3967F30052AC91 /* kenmo.png in Resources */,
				68726DFA1F3BF68B0078ED22 /* CustomTableViewCell.xib in Resources */,
				68ED7CA41F3967F30052AC91 /* jutuhi.png in Resources */,
				68ED7CB81F3967F30052AC91 /* kyouki.png in Resources */,
				68ED7CB91F3967F30052AC91 /* kyouma.png in Resources */,
			);
			runOnlyForDeploymentPostprocessing = 0;
		};
		68ED7C361F395ABD0052AC91 /* Resources */ = {
			isa = PBXResourcesBuildPhase;
			buildActionMask = 2147483647;
			files = (
			);
			runOnlyForDeploymentPostprocessing = 0;
		};
		68ED7C411F395ABD0052AC91 /* Resources */ = {
			isa = PBXResourcesBuildPhase;
			buildActionMask = 2147483647;
			files = (
			);
			runOnlyForDeploymentPostprocessing = 0;
		};
/* End PBXResourcesBuildPhase section */

/* Begin PBXSourcesBuildPhase section */
		68ED7C201F395ABD0052AC91 /* Sources */ = {
			isa = PBXSourcesBuildPhase;
			buildActionMask = 2147483647;
			files = (
				68ED7C2A1F395ABD0052AC91 /* ViewController.swift in Sources */,
				68726DF91F3BF68B0078ED22 /* CustomTableViewCell.swift in Sources */,
				68ED7C561F3960C30052AC91 /* Quest.swift in Sources */,
				68ED7C281F395ABD0052AC91 /* AppDelegate.swift in Sources */,
			);
			runOnlyForDeploymentPostprocessing = 0;
		};
		68ED7C341F395ABD0052AC91 /* Sources */ = {
			isa = PBXSourcesBuildPhase;
			buildActionMask = 2147483647;
			files = (
				68ED7C3D1F395ABD0052AC91 /* fgoLogTests.swift in Sources */,
			);
			runOnlyForDeploymentPostprocessing = 0;
		};
		68ED7C3F1F395ABD0052AC91 /* Sources */ = {
			isa = PBXSourcesBuildPhase;
			buildActionMask = 2147483647;
			files = (
				68ED7C481F395ABD0052AC91 /* fgoLogUITests.swift in Sources */,
			);
			runOnlyForDeploymentPostprocessing = 0;
		};
/* End PBXSourcesBuildPhase section */

/* Begin PBXTargetDependency section */
		68ED7C3A1F395ABD0052AC91 /* PBXTargetDependency */ = {
			isa = PBXTargetDependency;
			target = 68ED7C231F395ABD0052AC91 /* fgoLog */;
			targetProxy = 68ED7C391F395ABD0052AC91 /* PBXContainerItemProxy */;
		};
		68ED7C451F395ABD0052AC91 /* PBXTargetDependency */ = {
			isa = PBXTargetDependency;
			target = 68ED7C231F395ABD0052AC91 /* fgoLog */;
			targetProxy = 68ED7C441F395ABD0052AC91 /* PBXContainerItemProxy */;
		};
/* End PBXTargetDependency section */

/* Begin PBXVariantGroup section */
		68ED7C2B1F395ABD0052AC91 /* Main.storyboard */ = {
			isa = PBXVariantGroup;
			children = (
				68ED7C2C1F395ABD0052AC91 /* Base */,
			);
			name = Main.storyboard;
			sourceTree = "<group>";
		};
		68ED7C301F395ABD0052AC91 /* LaunchScreen.storyboard */ = {
			isa = PBXVariantGroup;
			children = (
				68ED7C311F395ABD0052AC91 /* Base */,
			);
			name = LaunchScreen.storyboard;
			sourceTree = "<group>";
		};
/* End PBXVariantGroup section */

/* Begin XCBuildConfiguration section */
		68ED7C4A1F395ABD0052AC91 /* Debug */ = {
			isa = XCBuildConfiguration;
			buildSettings = {
				ALWAYS_SEARCH_USER_PATHS = NO;
				CLANG_ANALYZER_NONNULL = YES;
				CLANG_ANALYZER_NUMBER_OBJECT_CONVERSION = YES_AGGRESSIVE;
				CLANG_CXX_LANGUAGE_STANDARD = "gnu++0x";
				CLANG_CXX_LIBRARY = "libc++";
				CLANG_ENABLE_MODULES = YES;
				CLANG_ENABLE_OBJC_ARC = YES;
				CLANG_WARN_BOOL_CONVERSION = YES;
				CLANG_WARN_CONSTANT_CONVERSION = YES;
				CLANG_WARN_DIRECT_OBJC_ISA_USAGE = YES_ERROR;
				CLANG_WARN_DOCUMENTATION_COMMENTS = YES;
				CLANG_WARN_EMPTY_BODY = YES;
				CLANG_WARN_ENUM_CONVERSION = YES;
				CLANG_WARN_INFINITE_RECURSION = YES;
				CLANG_WARN_INT_CONVERSION = YES;
				CLANG_WARN_OBJC_ROOT_CLASS = YES_ERROR;
				CLANG_WARN_SUSPICIOUS_MOVE = YES;
				CLANG_WARN_UNREACHABLE_CODE = YES;
				CLANG_WARN__DUPLICATE_METHOD_MATCH = YES;
				"CODE_SIGN_IDENTITY[sdk=iphoneos*]" = "iPhone Developer";
				COPY_PHASE_STRIP = NO;
				DEBUG_INFORMATION_FORMAT = dwarf;
				ENABLE_STRICT_OBJC_MSGSEND = YES;
				ENABLE_TESTABILITY = YES;
				GCC_C_LANGUAGE_STANDARD = gnu99;
				GCC_DYNAMIC_NO_PIC = NO;
				GCC_NO_COMMON_BLOCKS = YES;
				GCC_OPTIMIZATION_LEVEL = 0;
				GCC_PREPROCESSOR_DEFINITIONS = (
					"DEBUG=1",
					"$(inherited)",
				);
				GCC_WARN_64_TO_32_BIT_CONVERSION = YES;
				GCC_WARN_ABOUT_RETURN_TYPE = YES_ERROR;
				GCC_WARN_UNDECLARED_SELECTOR = YES;
				GCC_WARN_UNINITIALIZED_AUTOS = YES_AGGRESSIVE;
				GCC_WARN_UNUSED_FUNCTION = YES;
				GCC_WARN_UNUSED_VARIABLE = YES;
				IPHONEOS_DEPLOYMENT_TARGET = 10.3;
				MTL_ENABLE_DEBUG_INFO = YES;
				ONLY_ACTIVE_ARCH = YES;
				SDKROOT = iphoneos;
				SWIFT_ACTIVE_COMPILATION_CONDITIONS = DEBUG;
				SWIFT_OPTIMIZATION_LEVEL = "-Onone";
			};
			name = Debug;
		};
		68ED7C4B1F395ABD0052AC91 /* Release */ = {
			isa = XCBuildConfiguration;
			buildSettings = {
				ALWAYS_SEARCH_USER_PATHS = NO;
				CLANG_ANALYZER_NONNULL = YES;
				CLANG_ANALYZER_NUMBER_OBJECT_CONVERSION = YES_AGGRESSIVE;
				CLANG_CXX_LANGUAGE_STANDARD = "gnu++0x";
				CLANG_CXX_LIBRARY = "libc++";
				CLANG_ENABLE_MODULES = YES;
				CLANG_ENABLE_OBJC_ARC = YES;
				CLANG_WARN_BOOL_CONVERSION = YES;
				CLANG_WARN_CONSTANT_CONVERSION = YES;
				CLANG_WARN_DIRECT_OBJC_ISA_USAGE = YES_ERROR;
				CLANG_WARN_DOCUMENTATION_COMMENTS = YES;
				CLANG_WARN_EMPTY_BODY = YES;
				CLANG_WARN_ENUM_CONVERSION = YES;
				CLANG_WARN_INFINITE_RECURSION = YES;
				CLANG_WARN_INT_CONVERSION = YES;
				CLANG_WARN_OBJC_ROOT_CLASS = YES_ERROR;
				CLANG_WARN_SUSPICIOUS_MOVE = YES;
				CLANG_WARN_UNREACHABLE_CODE = YES;
				CLANG_WARN__DUPLICATE_METHOD_MATCH = YES;
				"CODE_SIGN_IDENTITY[sdk=iphoneos*]" = "iPhone Developer";
				COPY_PHASE_STRIP = NO;
				DEBUG_INFORMATION_FORMAT = "dwarf-with-dsym";
				ENABLE_NS_ASSERTIONS = NO;
				ENABLE_STRICT_OBJC_MSGSEND = YES;
				GCC_C_LANGUAGE_STANDARD = gnu99;
				GCC_NO_COMMON_BLOCKS = YES;
				GCC_WARN_64_TO_32_BIT_CONVERSION = YES;
				GCC_WARN_ABOUT_RETURN_TYPE = YES_ERROR;
				GCC_WARN_UNDECLARED_SELECTOR = YES;
				GCC_WARN_UNINITIALIZED_AUTOS = YES_AGGRESSIVE;
				GCC_WARN_UNUSED_FUNCTION = YES;
				GCC_WARN_UNUSED_VARIABLE = YES;
				IPHONEOS_DEPLOYMENT_TARGET = 10.3;
				MTL_ENABLE_DEBUG_INFO = NO;
				SDKROOT = iphoneos;
				SWIFT_OPTIMIZATION_LEVEL = "-Owholemodule";
				VALIDATE_PRODUCT = YES;
			};
			name = Release;
		};
		68ED7C4D1F395ABD0052AC91 /* Debug */ = {
			isa = XCBuildConfiguration;
			buildSettings = {
				ASSETCATALOG_COMPILER_APPICON_NAME = AppIcon;
				DEVELOPMENT_TEAM = 84Q47FTZCU;
				INFOPLIST_FILE = fgoLog/Info.plist;
				LD_RUNPATH_SEARCH_PATHS = "$(inherited) @executable_path/Frameworks";
				PRODUCT_BUNDLE_IDENTIFIER = com.litech.fgoLog;
				PRODUCT_NAME = "$(TARGET_NAME)";
				SWIFT_VERSION = 3.0;
			};
			name = Debug;
		};
		68ED7C4E1F395ABD0052AC91 /* Release */ = {
			isa = XCBuildConfiguration;
			buildSettings = {
				ASSETCATALOG_COMPILER_APPICON_NAME = AppIcon;
				DEVELOPMENT_TEAM = 84Q47FTZCU;
				INFOPLIST_FILE = fgoLog/Info.plist;
				LD_RUNPATH_SEARCH_PATHS = "$(inherited) @executable_path/Frameworks";
				PRODUCT_BUNDLE_IDENTIFIER = com.litech.fgoLog;
				PRODUCT_NAME = "$(TARGET_NAME)";
				SWIFT_VERSION = 3.0;
			};
			name = Release;
		};
		68ED7C501F395ABD0052AC91 /* Debug */ = {
			isa = XCBuildConfiguration;
			buildSettings = {
				ALWAYS_EMBED_SWIFT_STANDARD_LIBRARIES = YES;
				BUNDLE_LOADER = "$(TEST_HOST)";
				INFOPLIST_FILE = fgoLogTests/Info.plist;
				LD_RUNPATH_SEARCH_PATHS = "$(inherited) @executable_path/Frameworks @loader_path/Frameworks";
				PRODUCT_BUNDLE_IDENTIFIER = com.litech.fgoLogTests;
				PRODUCT_NAME = "$(TARGET_NAME)";
				SWIFT_VERSION = 3.0;
				TEST_HOST = "$(BUILT_PRODUCTS_DIR)/fgoLog.app/fgoLog";
			};
			name = Debug;
		};
		68ED7C511F395ABD0052AC91 /* Release */ = {
			isa = XCBuildConfiguration;
			buildSettings = {
				ALWAYS_EMBED_SWIFT_STANDARD_LIBRARIES = YES;
				BUNDLE_LOADER = "$(TEST_HOST)";
				INFOPLIST_FILE = fgoLogTests/Info.plist;
				LD_RUNPATH_SEARCH_PATHS = "$(inherited) @executable_path/Frameworks @loader_path/Frameworks";
				PRODUCT_BUNDLE_IDENTIFIER = com.litech.fgoLogTests;
				PRODUCT_NAME = "$(TARGET_NAME)";
				SWIFT_VERSION = 3.0;
				TEST_HOST = "$(BUILT_PRODUCTS_DIR)/fgoLog.app/fgoLog";
			};
			name = Release;
		};
		68ED7C531F395ABD0052AC91 /* Debug */ = {
			isa = XCBuildConfiguration;
			buildSettings = {
				ALWAYS_EMBED_SWIFT_STANDARD_LIBRARIES = YES;
				INFOPLIST_FILE = fgoLogUITests/Info.plist;
				LD_RUNPATH_SEARCH_PATHS = "$(inherited) @executable_path/Frameworks @loader_path/Frameworks";
				PRODUCT_BUNDLE_IDENTIFIER = com.litech.fgoLogUITests;
				PRODUCT_NAME = "$(TARGET_NAME)";
				SWIFT_VERSION = 3.0;
				TEST_TARGET_NAME = fgoLog;
			};
			name = Debug;
		};
		68ED7C541F395ABD0052AC91 /* Release */ = {
			isa = XCBuildConfiguration;
			buildSettings = {
				ALWAYS_EMBED_SWIFT_STANDARD_LIBRARIES = YES;
				INFOPLIST_FILE = fgoLogUITests/Info.plist;
				LD_RUNPATH_SEARCH_PATHS = "$(inherited) @executable_path/Frameworks @loader_path/Frameworks";
				PRODUCT_BUNDLE_IDENTIFIER = com.litech.fgoLogUITests;
				PRODUCT_NAME = "$(TARGET_NAME)";
				SWIFT_VERSION = 3.0;
				TEST_TARGET_NAME = fgoLog;
			};
			name = Release;
		};
/* End XCBuildConfiguration section */

/* Begin XCConfigurationList section */
		68ED7C1F1F395ABD0052AC91 /* Build configuration list for PBXProject "fgoLog" */ = {
			isa = XCConfigurationList;
			buildConfigurations = (
				68ED7C4A1F395ABD0052AC91 /* Debug */,
				68ED7C4B1F395ABD0052AC91 /* Release */,
			);
			defaultConfigurationIsVisible = 0;
			defaultConfigurationName = Release;
		};
		68ED7C4C1F395ABD0052AC91 /* Build configuration list for PBXNativeTarget "fgoLog" */ = {
			isa = XCConfigurationList;
			buildConfigurations = (
				68ED7C4D1F395ABD0052AC91 /* Debug */,
				68ED7C4E1F395ABD0052AC91 /* Release */,
			);
			defaultConfigurationIsVisible = 0;
			defaultConfigurationName = Release;
		};
		68ED7C4F1F395ABD0052AC91 /* Build configuration list for PBXNativeTarget "fgoLogTests" */ = {
			isa = XCConfigurationList;
			buildConfigurations = (
				68ED7C501F395ABD0052AC91 /* Debug */,
				68ED7C511F395ABD0052AC91 /* Release */,
			);
			defaultConfigurationIsVisible = 0;
			defaultConfigurationName = Release;
		};
		68ED7C521F395ABD0052AC91 /* Build configuration list for PBXNativeTarget "fgoLogUITests" */ = {
			isa = XCConfigurationList;
			buildConfigurations = (
				68ED7C531F395ABD0052AC91 /* Debug */,
				68ED7C541F395ABD0052AC91 /* Release */,
			);
			defaultConfigurationIsVisible = 0;
			defaultConfigurationName = Release;
		};
/* End XCConfigurationList section */
	};
	rootObject = 68ED7C1C1F395ABD0052AC91 /* Project object */;
}
